
Microsoft Visual Studio Solution File, Format Version 12.00
# Visual Studio Version 17
VisualStudioVersion = 17.5.002.0
MinimumVisualStudioVersion = 10.0.40219.1
Project("{9A19103F-16F7-4668-BE54-9A1E7A4F7556}") = "arrays", "arrays\arrays.csproj", "{5AA056F0-0276-4F1F-A58E-C14FA1186947}"
EndProject
Global
	GlobalSection(SolutionConfigurationPlatforms) = preSolution
		Debug|Any CPU = Debug|Any CPU
		Release|Any CPU = Release|Any CPU
	EndGlobalSection
	GlobalSection(ProjectConfigurationPlatforms) = postSolution
		{5AA056F0-0276-4F1F-A58E-C14FA1186947}.Debug|Any CPU.ActiveCfg = Debug|Any CPU
		{5AA056F0-0276-4F1F-A58E-C14FA1186947}.Debug|Any CPU.Build.0 = Debug|Any CPU
		{5AA056F0-0276-4F1F-A58E-C14FA1186947}.Release|Any CPU.ActiveCfg = Release|Any CPU
		{5AA056F0-0276-4F1F-A58E-C14FA1186947}.Release|Any CPU.Build.0 = Release|Any CPU
	EndGlobalSection
	GlobalSection(SolutionProperties) = preSolution
		HideSolutionNode = FALSE
	EndGlobalSection
	GlobalSection(ExtensibilityGlobals) = postSolution
		SolutionGuid = {042BD564-556D-4E39-9BD4-0F679B29D928}
	EndGlobalSection
EndGlobal
